
Microsoft Visual Studio Solution File, Format Version 12.00
# Visual Studio Version 17
VisualStudioVersion = 17.7.34202.233
MinimumVisualStudioVersion = 10.0.40219.1
Project("{FAE04EC0-301F-11D3-BF4B-00C04F79EFBC}") = "AwakeServer", "AwakeServer.csproj", "{986D3935-CCFD-4751-BC0F-5DF476DBDFF3}"
EndProject
Global
	GlobalSection(SolutionConfigurationPlatforms) = preSolution
		Debug|Any CPU = Debug|Any CPU
		Release|Any CPU = Release|Any CPU
	EndGlobalSection
	GlobalSection(ProjectConfigurationPlatforms) = postSolution
		{986D3935-CCFD-4751-BC0F-5DF476DBDFF3}.Debug|Any CPU.ActiveCfg = Debug|Any CPU
		{986D3935-CCFD-4751-BC0F-5DF476DBDFF3}.Debug|Any CPU.Build.0 = Debug|Any CPU
		{986D3935-CCFD-4751-BC0F-5DF476DBDFF3}.Release|Any CPU.ActiveCfg = Release|Any CPU
		{986D3935-CCFD-4751-BC0F-5DF476DBDFF3}.Release|Any CPU.Build.0 = Release|Any CPU
	EndGlobalSection
	GlobalSection(SolutionProperties) = preSolution
		HideSolutionNode = FALSE
	EndGlobalSection
	GlobalSection(ExtensibilityGlobals) = postSolution
		SolutionGuid = {BBFDB837-7CB5-4C59-8392-6F747E0C23FC}
	EndGlobalSection
EndGlobal
